// !$*UTF8*$!
{
	archiveVersion = 1;
	classes = {
	};
	objectVersion = 46;
	objects = {

/* Begin PBXBuildFile section */
		37A3DE411CF93D8500A58583 /* AppDelegate.swift in Sources */ = {isa = PBXBuildFile; fileRef = 37A3DE401CF93D8500A58583 /* AppDelegate.swift */; };
		37A3DE431CF93D8500A58583 /* ViewController.swift in Sources */ = {isa = PBXBuildFile; fileRef = 37A3DE421CF93D8500A58583 /* ViewController.swift */; };
		37A3DE461CF93D8500A58583 /* Main.storyboard in Resources */ = {isa = PBXBuildFile; fileRef = 37A3DE441CF93D8500A58583 /* Main.storyboard */; };
		37A3DE481CF93D8500A58583 /* Assets.xcassets in Resources */ = {isa = PBXBuildFile; fileRef = 37A3DE471CF93D8500A58583 /* Assets.xcassets */; };
		37A3DE4B1CF93D8500A58583 /* LaunchScreen.storyboard in Resources */ = {isa = PBXBuildFile; fileRef = 37A3DE491CF93D8500A58583 /* LaunchScreen.storyboard */; };
		37A3DE561CF93D8500A58583 /* CapitalMeTests.swift in Sources */ = {isa = PBXBuildFile; fileRef = 37A3DE551CF93D8500A58583 /* CapitalMeTests.swift */; };
		37A3DE701CF9407100A58583 /* bangkok.json in Resources */ = {isa = PBXBuildFile; fileRef = 37A3DE6E1CF9407100A58583 /* bangkok.json */; };
		37A3DE711CF9407100A58583 /* bangkok.json in Resources */ = {isa = PBXBuildFile; fileRef = 37A3DE6E1CF9407100A58583 /* bangkok.json */; };
		37A3DE731CF9407100A58583 /* notfound.json in Resources */ = {isa = PBXBuildFile; fileRef = 37A3DE6F1CF9407100A58583 /* notfound.json */; };
		37A3DE741CF9407100A58583 /* notfound.json in Resources */ = {isa = PBXBuildFile; fileRef = 37A3DE6F1CF9407100A58583 /* notfound.json */; };
		60F4283E7A839D546375C9EB /* Pods_CapitalMeTests.framework in Frameworks */ = {isa = PBXBuildFile; fileRef = 42A940FBCCD91101F62AFAEA /* Pods_CapitalMeTests.framework */; };
		DB109ACB3096848904B250D1 /* Pods_CapitalMe.framework in Frameworks */ = {isa = PBXBuildFile; fileRef = 57ED191F1CF69D6DF346D573 /* Pods_CapitalMe.framework */; };
/* End PBXBuildFile section */

/* Begin PBXContainerItemProxy section */
		37A3DE521CF93D8500A58583 /* PBXContainerItemProxy */ = {
			isa = PBXContainerItemProxy;
			containerPortal = 37A3DE351CF93D8500A58583 /* Project object */;
			proxyType = 1;
			remoteGlobalIDString = 37A3DE3C1CF93D8500A58583;
			remoteInfo = CapitalMe;
		};
/* End PBXContainerItemProxy section */

/* Begin PBXFileReference section */
		1A402A9770CC671A46D1494F /* Pods-CapitalMeTests.release.xcconfig */ = {isa = PBXFileReference; includeInIndex = 1; lastKnownFileType = text.xcconfig; name = "Pods-CapitalMeTests.release.xcconfig"; path = "Pods/Target Support Files/Pods-CapitalMeTests/Pods-CapitalMeTests.release.xcconfig"; sourceTree = "<group>"; };
		37A3DE3D1CF93D8500A58583 /* CapitalMe.app */ = {isa = PBXFileReference; explicitFileType = wrapper.application; includeInIndex = 0; path = CapitalMe.app; sourceTree = BUILT_PRODUCTS_DIR; };
		37A3DE401CF93D8500A58583 /* AppDelegate.swift */ = {isa = PBXFileReference; lastKnownFileType = sourcecode.swift; path = AppDelegate.swift; sourceTree = "<group>"; };
		37A3DE421CF93D8500A58583 /* ViewController.swift */ = {isa = PBXFileReference; lastKnownFileType = sourcecode.swift; path = ViewController.swift; sourceTree = "<group>"; };
		37A3DE451CF93D8500A58583 /* Base */ = {isa = PBXFileReference; lastKnownFileType = file.storyboard; name = Base; path = Base.lproj/Main.storyboard; sourceTree = "<group>"; };
		37A3DE471CF93D8500A58583 /* Assets.xcassets */ = {isa = PBXFileReference; lastKnownFileType = folder.assetcatalog; path = Assets.xcassets; sourceTree = "<group>"; };
		37A3DE4A1CF93D8500A58583 /* Base */ = {isa = PBXFileReference; lastKnownFileType = file.storyboard; name = Base; path = Base.lproj/LaunchScreen.storyboard; sourceTree = "<group>"; };
		37A3DE4C1CF93D8500A58583 /* Info.plist */ = {isa = PBXFileReference; lastKnownFileType = text.plist.xml; path = Info.plist; sourceTree = "<group>"; };
		37A3DE511CF93D8500A58583 /* CapitalMeTests.xctest */ = {isa = PBXFileReference; explicitFileType = wrapper.cfbundle; includeInIndex = 0; path = CapitalMeTests.xctest; sourceTree = BUILT_PRODUCTS_DIR; };
		37A3DE551CF93D8500A58583 /* CapitalMeTests.swift */ = {isa = PBXFileReference; lastKnownFileType = sourcecode.swift; path = CapitalMeTests.swift; sourceTree = "<group>"; };
		37A3DE571CF93D8500A58583 /* Info.plist */ = {isa = PBXFileReference; lastKnownFileType = text.plist.xml; path = Info.plist; sourceTree = "<group>"; };
		37A3DE6E1CF9407100A58583 /* bangkok.json */ = {isa = PBXFileReference; fileEncoding = 4; lastKnownFileType = text.json; path = bangkok.json; sourceTree = "<group>"; };
		37A3DE6F1CF9407100A58583 /* notfound.json */ = {isa = PBXFileReference; fileEncoding = 4; lastKnownFileType = text.json; path = notfound.json; sourceTree = "<group>"; };
		42A940FBCCD91101F62AFAEA /* Pods_CapitalMeTests.framework */ = {isa = PBXFileReference; explicitFileType = wrapper.framework; includeInIndex = 0; path = Pods_CapitalMeTests.framework; sourceTree = BUILT_PRODUCTS_DIR; };
		50E347D04D8FF0362C175528 /* Pods-CapitalMeUITests.release.xcconfig */ = {isa = PBXFileReference; includeInIndex = 1; lastKnownFileType = text.xcconfig; name = "Pods-CapitalMeUITests.release.xcconfig"; path = "Pods/Target Support Files/Pods-CapitalMeUITests/Pods-CapitalMeUITests.release.xcconfig"; sourceTree = "<group>"; };
		57ED191F1CF69D6DF346D573 /* Pods_CapitalMe.framework */ = {isa = PBXFileReference; explicitFileType = wrapper.framework; includeInIndex = 0; path = Pods_CapitalMe.framework; sourceTree = BUILT_PRODUCTS_DIR; };
		C397CABE61246714BFC04932 /* Pods-CapitalMeTests.debug.xcconfig */ = {isa = PBXFileReference; includeInIndex = 1; lastKnownFileType = text.xcconfig; name = "Pods-CapitalMeTests.debug.xcconfig"; path = "Pods/Target Support Files/Pods-CapitalMeTests/Pods-CapitalMeTests.debug.xcconfig"; sourceTree = "<group>"; };
		E6F5FF9BEC80934C3BB9B4AC /* Pods-CapitalMe.release.xcconfig */ = {isa = PBXFileReference; includeInIndex = 1; lastKnownFileType = text.xcconfig; name = "Pods-CapitalMe.release.xcconfig"; path = "Pods/Target Support Files/Pods-CapitalMe/Pods-CapitalMe.release.xcconfig"; sourceTree = "<group>"; };
		EDF331F4450F765DA02A0DEE /* Pods-CapitalMe.debug.xcconfig */ = {isa = PBXFileReference; includeInIndex = 1; lastKnownFileType = text.xcconfig; name = "Pods-CapitalMe.debug.xcconfig"; path = "Pods/Target Support Files/Pods-CapitalMe/Pods-CapitalMe.debug.xcconfig"; sourceTree = "<group>"; };
		F3CEA73C0EDAAA256116CC8B /* Pods-CapitalMeUITests.debug.xcconfig */ = {isa = PBXFileReference; includeInIndex = 1; lastKnownFileType = text.xcconfig; name = "Pods-CapitalMeUITests.debug.xcconfig"; path = "Pods/Target Support Files/Pods-CapitalMeUITests/Pods-CapitalMeUITests.debug.xcconfig"; sourceTree = "<group>"; };
/* End PBXFileReference section */

/* Begin PBXFrameworksBuildPhase section */
		37A3DE3A1CF93D8500A58583 /* Frameworks */ = {
			isa = PBXFrameworksBuildPhase;
			buildActionMask = 2147483647;
			files = (
				DB109ACB3096848904B250D1 /* Pods_CapitalMe.framework in Frameworks */,
			);
			runOnlyForDeploymentPostprocessing = 0;
		};
		37A3DE4E1CF93D8500A58583 /* Frameworks */ = {
			isa = PBXFrameworksBuildPhase;
			buildActionMask = 2147483647;
			files = (
				60F4283E7A839D546375C9EB /* Pods_CapitalMeTests.framework in Frameworks */,
			);
			runOnlyForDeploymentPostprocessing = 0;
		};
/* End PBXFrameworksBuildPhase section */

/* Begin PBXGroup section */
		37A3DE341CF93D8500A58583 = {
			isa = PBXGroup;
			children = (
				37A3DE6E1CF9407100A58583 /* bangkok.json */,
				37A3DE6F1CF9407100A58583 /* notfound.json */,
				37A3DE3F1CF93D8500A58583 /* CapitalMe */,
				37A3DE541CF93D8500A58583 /* CapitalMeTests */,
				37A3DE3E1CF93D8500A58583 /* Products */,
				EC0F01A0280C70A3C56B863C /* Pods */,
				E7E1EDD6434AB2CEEA52EFE8 /* Frameworks */,
			);
			sourceTree = "<group>";
		};
		37A3DE3E1CF93D8500A58583 /* Products */ = {
			isa = PBXGroup;
			children = (
				37A3DE3D1CF93D8500A58583 /* CapitalMe.app */,
				37A3DE511CF93D8500A58583 /* CapitalMeTests.xctest */,
			);
			name = Products;
			sourceTree = "<group>";
		};
		37A3DE3F1CF93D8500A58583 /* CapitalMe */ = {
			isa = PBXGroup;
			children = (
				37A3DE401CF93D8500A58583 /* AppDelegate.swift */,
				37A3DE421CF93D8500A58583 /* ViewController.swift */,
				37A3DE441CF93D8500A58583 /* Main.storyboard */,
				37A3DE471CF93D8500A58583 /* Assets.xcassets */,
				37A3DE491CF93D8500A58583 /* LaunchScreen.storyboard */,
				37A3DE4C1CF93D8500A58583 /* Info.plist */,
			);
			path = CapitalMe;
			sourceTree = "<group>";
		};
		37A3DE541CF93D8500A58583 /* CapitalMeTests */ = {
			isa = PBXGroup;
			children = (
				37A3DE551CF93D8500A58583 /* CapitalMeTests.swift */,
				37A3DE571CF93D8500A58583 /* Info.plist */,
			);
			path = CapitalMeTests;
			sourceTree = "<group>";
		};
		E7E1EDD6434AB2CEEA52EFE8 /* Frameworks */ = {
			isa = PBXGroup;
			children = (
				57ED191F1CF69D6DF346D573 /* Pods_CapitalMe.framework */,
				42A940FBCCD91101F62AFAEA /* Pods_CapitalMeTests.framework */,
			);
			name = Frameworks;
			sourceTree = "<group>";
		};
		EC0F01A0280C70A3C56B863C /* Pods */ = {
			isa = PBXGroup;
			children = (
				EDF331F4450F765DA02A0DEE /* Pods-CapitalMe.debug.xcconfig */,
				E6F5FF9BEC80934C3BB9B4AC /* Pods-CapitalMe.release.xcconfig */,
				C397CABE61246714BFC04932 /* Pods-CapitalMeTests.debug.xcconfig */,
				1A402A9770CC671A46D1494F /* Pods-CapitalMeTests.release.xcconfig */,
				F3CEA73C0EDAAA256116CC8B /* Pods-CapitalMeUITests.debug.xcconfig */,
				50E347D04D8FF0362C175528 /* Pods-CapitalMeUITests.release.xcconfig */,
			);
			name = Pods;
			sourceTree = "<group>";
		};
/* End PBXGroup section */

/* Begin PBXNativeTarget section */
		37A3DE3C1CF93D8500A58583 /* CapitalMe */ = {
			isa = PBXNativeTarget;
			buildConfigurationList = 37A3DE651CF93D8500A58583 /* Build configuration list for PBXNativeTarget "CapitalMe" */;
			buildPhases = (
				423DD6B6685914A5FCECE00C /* [CP] Check Pods Manifest.lock */,
				37A3DE391CF93D8500A58583 /* Sources */,
				37A3DE3A1CF93D8500A58583 /* Frameworks */,
				37A3DE3B1CF93D8500A58583 /* Resources */,
				1F13C0E78F9958D769E2ACB2 /* [CP] Embed Pods Frameworks */,
				ECB49989738D488A3218E49B /* [CP] Copy Pods Resources */,
			);
			buildRules = (
			);
			dependencies = (
			);
			name = CapitalMe;
			productName = CapitalMe;
			productReference = 37A3DE3D1CF93D8500A58583 /* CapitalMe.app */;
			productType = "com.apple.product-type.application";
		};
		37A3DE501CF93D8500A58583 /* CapitalMeTests */ = {
			isa = PBXNativeTarget;
			buildConfigurationList = 37A3DE681CF93D8500A58583 /* Build configuration list for PBXNativeTarget "CapitalMeTests" */;
			buildPhases = (
				6A54859827E5034A362D4AA2 /* [CP] Check Pods Manifest.lock */,
				37A3DE4D1CF93D8500A58583 /* Sources */,
				37A3DE4E1CF93D8500A58583 /* Frameworks */,
				37A3DE4F1CF93D8500A58583 /* Resources */,
				9193C5C21E0D876C41B54EBF /* [CP] Embed Pods Frameworks */,
				735B2A043D0CE6D0E17AEE65 /* [CP] Copy Pods Resources */,
			);
			buildRules = (
			);
			dependencies = (
				37A3DE531CF93D8500A58583 /* PBXTargetDependency */,
			);
			name = CapitalMeTests;
			productName = CapitalMeTests;
			productReference = 37A3DE511CF93D8500A58583 /* CapitalMeTests.xctest */;
			productType = "com.apple.product-type.bundle.unit-test";
		};
/* End PBXNativeTarget section */

/* Begin PBXProject section */
		37A3DE351CF93D8500A58583 /* Project object */ = {
			isa = PBXProject;
			attributes = {
				LastSwiftUpdateCheck = 0730;
				LastUpgradeCheck = 0730;
				ORGANIZATIONNAME = "Olarn U.";
				TargetAttributes = {
					37A3DE3C1CF93D8500A58583 = {
						CreatedOnToolsVersion = 7.3.1;
					};
					37A3DE501CF93D8500A58583 = {
						CreatedOnToolsVersion = 7.3.1;
						TestTargetID = 37A3DE3C1CF93D8500A58583;
					};
				};
			};
			buildConfigurationList = 37A3DE381CF93D8500A58583 /* Build configuration list for PBXProject "CapitalMe" */;
			compatibilityVersion = "Xcode 3.2";
			developmentRegion = English;
			hasScannedForEncodings = 0;
			knownRegions = (
				en,
				Base,
			);
			mainGroup = 37A3DE341CF93D8500A58583;
			productRefGroup = 37A3DE3E1CF93D8500A58583 /* Products */;
			projectDirPath = "";
			projectRoot = "";
			targets = (
				37A3DE3C1CF93D8500A58583 /* CapitalMe */,
				37A3DE501CF93D8500A58583 /* CapitalMeTests */,
			);
		};
/* End PBXProject section */

/* Begin PBXResourcesBuildPhase section */
		37A3DE3B1CF93D8500A58583 /* Resources */ = {
			isa = PBXResourcesBuildPhase;
			buildActionMask = 2147483647;
			files = (
				37A3DE4B1CF93D8500A58583 /* LaunchScreen.storyboard in Resources */,
				37A3DE701CF9407100A58583 /* bangkok.json in Resources */,
				37A3DE731CF9407100A58583 /* notfound.json in Resources */,
				37A3DE481CF93D8500A58583 /* Assets.xcassets in Resources */,
				37A3DE461CF93D8500A58583 /* Main.storyboard in Resources */,
			);
			runOnlyForDeploymentPostprocessing = 0;
		};
		37A3DE4F1CF93D8500A58583 /* Resources */ = {
			isa = PBXResourcesBuildPhase;
			buildActionMask = 2147483647;
			files = (
				37A3DE741CF9407100A58583 /* notfound.json in Resources */,
				37A3DE711CF9407100A58583 /* bangkok.json in Resources */,
			);
			runOnlyForDeploymentPostprocessing = 0;
		};
/* End PBXResourcesBuildPhase section */

/* Begin PBXShellScriptBuildPhase section */
		1F13C0E78F9958D769E2ACB2 /* [CP] Embed Pods Frameworks */ = {
			isa = PBXShellScriptBuildPhase;
			buildActionMask = 2147483647;
			files = (
			);
			inputPaths = (
			);
			name = "[CP] Embed Pods Frameworks";
			outputPaths = (
			);
			runOnlyForDeploymentPostprocessing = 0;
			shellPath = /bin/sh;
			shellScript = "\"${SRCROOT}/Pods/Target Support Files/Pods-CapitalMe/Pods-CapitalMe-frameworks.sh\"\n";
			showEnvVarsInLog = 0;
		};
		423DD6B6685914A5FCECE00C /* [CP] Check Pods Manifest.lock */ = {
			isa = PBXShellScriptBuildPhase;
			buildActionMask = 2147483647;
			files = (
			);
			inputPaths = (
			);
			name = "[CP] Check Pods Manifest.lock";
			outputPaths = (
			);
			runOnlyForDeploymentPostprocessing = 0;
			shellPath = /bin/sh;
			shellScript = "diff \"${PODS_ROOT}/../Podfile.lock\" \"${PODS_ROOT}/Manifest.lock\" > /dev/null\nif [[ $? != 0 ]] ; then\n    cat << EOM\nerror: The sandbox is not in sync with the Podfile.lock. Run 'pod install' or update your CocoaPods installation.\nEOM\n    exit 1\nfi\n";
			showEnvVarsInLog = 0;
		};
		6A54859827E5034A362D4AA2 /* [CP] Check Pods Manifest.lock */ = {
			isa = PBXShellScriptBuildPhase;
			buildActionMask = 2147483647;
			files = (
			);
			inputPaths = (
			);
			name = "[CP] Check Pods Manifest.lock";
			outputPaths = (
			);
			runOnlyForDeploymentPostprocessing = 0;
			shellPath = /bin/sh;
			shellScript = "diff \"${PODS_ROOT}/../Podfile.lock\" \"${PODS_ROOT}/Manifest.lock\" > /dev/null\nif [[ $? != 0 ]] ; then\n    cat << EOM\nerror: The sandbox is not in sync with the Podfile.lock. Run 'pod install' or update your CocoaPods installation.\nEOM\n    exit 1\nfi\n";
			showEnvVarsInLog = 0;
		};
		735B2A043D0CE6D0E17AEE65 /* [CP] Copy Pods Resources */ = {
			isa = PBXShellScriptBuildPhase;
			buildActionMask = 2147483647;
			files = (
			);
			inputPaths = (
			);
			name = "[CP] Copy Pods Resources";
			outputPaths = (
			);
			runOnlyForDeploymentPostprocessing = 0;
			shellPath = /bin/sh;
			shellScript = "\"${SRCROOT}/Pods/Target Support Files/Pods-CapitalMeTests/Pods-CapitalMeTests-resources.sh\"\n";
			showEnvVarsInLog = 0;
		};
		9193C5C21E0D876C41B54EBF /* [CP] Embed Pods Frameworks */ = {
			isa = PBXShellScriptBuildPhase;
			buildActionMask = 2147483647;
			files = (
			);
			inputPaths = (
			);
			name = "[CP] Embed Pods Frameworks";
			outputPaths = (
			);
			runOnlyForDeploymentPostprocessing = 0;
			shellPath = /bin/sh;
			shellScript = "\"${SRCROOT}/Pods/Target Support Files/Pods-CapitalMeTests/Pods-CapitalMeTests-frameworks.sh\"\n";
			showEnvVarsInLog = 0;
		};
		ECB49989738D488A3218E49B /* [CP] Copy Pods Resources */ = {
			isa = PBXShellScriptBuildPhase;
			buildActionMask = 2147483647;
			files = (
			);
			inputPaths = (
			);
			name = "[CP] Copy Pods Resources";
			outputPaths = (
			);
			runOnlyForDeploymentPostprocessing = 0;
			shellPath = /bin/sh;
			shellScript = "\"${SRCROOT}/Pods/Target Support Files/Pods-CapitalMe/Pods-CapitalMe-resources.sh\"\n";
			showEnvVarsInLog = 0;
		};
/* End PBXShellScriptBuildPhase section */

/* Begin PBXSourcesBuildPhase section */
		37A3DE391CF93D8500A58583 /* Sources */ = {
			isa = PBXSourcesBuildPhase;
			buildActionMask = 2147483647;
			files = (
				37A3DE431CF93D8500A58583 /* ViewController.swift in Sources */,
				37A3DE411CF93D8500A58583 /* AppDelegate.swift in Sources */,
			);
			runOnlyForDeploymentPostprocessing = 0;
		};
		37A3DE4D1CF93D8500A58583 /* Sources */ = {
			isa = PBXSourcesBuildPhase;
			buildActionMask = 2147483647;
			files = (
				37A3DE561CF93D8500A58583 /* CapitalMeTests.swift in Sources */,
			);
			runOnlyForDeploymentPostprocessing = 0;
		};
/* End PBXSourcesBuildPhase section */

/* Begin PBXTargetDependency section */
		37A3DE531CF93D8500A58583 /* PBXTargetDependency */ = {
			isa = PBXTargetDependency;
			target = 37A3DE3C1CF93D8500A58583 /* CapitalMe */;
			targetProxy = 37A3DE521CF93D8500A58583 /* PBXContainerItemProxy */;
		};
/* End PBXTargetDependency section */

/* Begin PBXVariantGroup section */
		37A3DE441CF93D8500A58583 /* Main.storyboard */ = {
			isa = PBXVariantGroup;
			children = (
				37A3DE451CF93D8500A58583 /* Base */,
			);
			name = Main.storyboard;
			sourceTree = "<group>";
		};
		37A3DE491CF93D8500A58583 /* LaunchScreen.storyboard */ = {
			isa = PBXVariantGroup;
			children = (
				37A3DE4A1CF93D8500A58583 /* Base */,
			);
			name = LaunchScreen.storyboard;
			sourceTree = "<group>";
		};
/* End PBXVariantGroup section */

/* Begin XCBuildConfiguration section */
		37A3DE631CF93D8500A58583 /* Debug */ = {
			isa = XCBuildConfiguration;
			buildSettings = {
				ALWAYS_SEARCH_USER_PATHS = NO;
				CLANG_ANALYZER_NONNULL = YES;
				CLANG_CXX_LANGUAGE_STANDARD = "gnu++0x";
				CLANG_CXX_LIBRARY = "libc++";
				CLANG_ENABLE_MODULES = YES;
				CLANG_ENABLE_OBJC_ARC = YES;
				CLANG_WARN_BOOL_CONVERSION = YES;
				CLANG_WARN_CONSTANT_CONVERSION = YES;
				CLANG_WARN_DIRECT_OBJC_ISA_USAGE = YES_ERROR;
				CLANG_WARN_EMPTY_BODY = YES;
				CLANG_WARN_ENUM_CONVERSION = YES;
				CLANG_WARN_INT_CONVERSION = YES;
				CLANG_WARN_OBJC_ROOT_CLASS = YES_ERROR;
				CLANG_WARN_UNREACHABLE_CODE = YES;
				CLANG_WARN__DUPLICATE_METHOD_MATCH = YES;
				"CODE_SIGN_IDENTITY[sdk=iphoneos*]" = "iPhone Developer";
				COPY_PHASE_STRIP = NO;
				DEBUG_INFORMATION_FORMAT = dwarf;
				ENABLE_STRICT_OBJC_MSGSEND = YES;
				ENABLE_TESTABILITY = YES;
				GCC_C_LANGUAGE_STANDARD = gnu99;
				GCC_DYNAMIC_NO_PIC = NO;
				GCC_NO_COMMON_BLOCKS = YES;
				GCC_OPTIMIZATION_LEVEL = 0;
				GCC_PREPROCESSOR_DEFINITIONS = (
					"DEBUG=1",
					"$(inherited)",
				);
				GCC_WARN_64_TO_32_BIT_CONVERSION = YES;
				GCC_WARN_ABOUT_RETURN_TYPE = YES_ERROR;
				GCC_WARN_UNDECLARED_SELECTOR = YES;
				GCC_WARN_UNINITIALIZED_AUTOS = YES_AGGRESSIVE;
				GCC_WARN_UNUSED_FUNCTION = YES;
				GCC_WARN_UNUSED_VARIABLE = YES;
				IPHONEOS_DEPLOYMENT_TARGET = 9.3;
				MTL_ENABLE_DEBUG_INFO = YES;
				ONLY_ACTIVE_ARCH = YES;
				SDKROOT = iphoneos;
				SWIFT_OPTIMIZATION_LEVEL = "-Onone";
			};
			name = Debug;
		};
		37A3DE641CF93D8500A58583 /* Release */ = {
			isa = XCBuildConfiguration;
			buildSettings = {
				ALWAYS_SEARCH_USER_PATHS = NO;
				CLANG_ANALYZER_NONNULL = YES;
				CLANG_CXX_LANGUAGE_STANDARD = "gnu++0x";
				CLANG_CXX_LIBRARY = "libc++";
				CLANG_ENABLE_MODULES = YES;
				CLANG_ENABLE_OBJC_ARC = YES;
				CLANG_WARN_BOOL_CONVERSION = YES;
				CLANG_WARN_CONSTANT_CONVERSION = YES;
				CLANG_WARN_DIRECT_OBJC_ISA_USAGE = YES_ERROR;
				CLANG_WARN_EMPTY_BODY = YES;
				CLANG_WARN_ENUM_CONVERSION = YES;
				CLANG_WARN_INT_CONVERSION = YES;
				CLANG_WARN_OBJC_ROOT_CLASS = YES_ERROR;
				CLANG_WARN_UNREACHABLE_CODE = YES;
				CLANG_WARN__DUPLICATE_METHOD_MATCH = YES;
				"CODE_SIGN_IDENTITY[sdk=iphoneos*]" = "iPhone Developer";
				COPY_PHASE_STRIP = NO;
				DEBUG_INFORMATION_FORMAT = "dwarf-with-dsym";
				ENABLE_NS_ASSERTIONS = NO;
				ENABLE_STRICT_OBJC_MSGSEND = YES;
				GCC_C_LANGUAGE_STANDARD = gnu99;
				GCC_NO_COMMON_BLOCKS = YES;
				GCC_WARN_64_TO_32_BIT_CONVERSION = YES;
				GCC_WARN_ABOUT_RETURN_TYPE = YES_ERROR;
				GCC_WARN_UNDECLARED_SELECTOR = YES;
				GCC_WARN_UNINITIALIZED_AUTOS = YES_AGGRESSIVE;
				GCC_WARN_UNUSED_FUNCTION = YES;
				GCC_WARN_UNUSED_VARIABLE = YES;
				IPHONEOS_DEPLOYMENT_TARGET = 9.3;
				MTL_ENABLE_DEBUG_INFO = NO;
				SDKROOT = iphoneos;
				VALIDATE_PRODUCT = YES;
			};
			name = Release;
		};
		37A3DE661CF93D8500A58583 /* Debug */ = {
			isa = XCBuildConfiguration;
			baseConfigurationReference = EDF331F4450F765DA02A0DEE /* Pods-CapitalMe.debug.xcconfig */;
			buildSettings = {
				ASSETCATALOG_COMPILER_APPICON_NAME = AppIcon;
				INFOPLIST_FILE = CapitalMe/Info.plist;
				LD_RUNPATH_SEARCH_PATHS = "$(inherited) @executable_path/Frameworks";
				PRODUCT_BUNDLE_IDENTIFIER = com.olarn.CapitalMe;
				PRODUCT_NAME = "$(TARGET_NAME)";
			};
			name = Debug;
		};
		37A3DE671CF93D8500A58583 /* Release */ = {
			isa = XCBuildConfiguration;
			baseConfigurationReference = E6F5FF9BEC80934C3BB9B4AC /* Pods-CapitalMe.release.xcconfig */;
			buildSettings = {
				ASSETCATALOG_COMPILER_APPICON_NAME = AppIcon;
				INFOPLIST_FILE = CapitalMe/Info.plist;
				LD_RUNPATH_SEARCH_PATHS = "$(inherited) @executable_path/Frameworks";
				PRODUCT_BUNDLE_IDENTIFIER = com.olarn.CapitalMe;
				PRODUCT_NAME = "$(TARGET_NAME)";
			};
			name = Release;
		};
		37A3DE691CF93D8500A58583 /* Debug */ = {
			isa = XCBuildConfiguration;
			baseConfigurationReference = C397CABE61246714BFC04932 /* Pods-CapitalMeTests.debug.xcconfig */;
			buildSettings = {
				BUNDLE_LOADER = "$(TEST_HOST)";
				INFOPLIST_FILE = CapitalMeTests/Info.plist;
				LD_RUNPATH_SEARCH_PATHS = "$(inherited) @executable_path/Frameworks @loader_path/Frameworks";
				PRODUCT_BUNDLE_IDENTIFIER = com.olarn.CapitalMeTests;
				PRODUCT_NAME = "$(TARGET_NAME)";
				TEST_HOST = "$(BUILT_PRODUCTS_DIR)/CapitalMe.app/CapitalMe";
			};
			name = Debug;
		};
		37A3DE6A1CF93D8500A58583 /* Release */ = {
			isa = XCBuildConfiguration;
			baseConfigurationReference = 1A402A9770CC671A46D1494F /* Pods-CapitalMeTests.release.xcconfig */;
			buildSettings = {
				BUNDLE_LOADER = "$(TEST_HOST)";
				INFOPLIST_FILE = CapitalMeTests/Info.plist;
				LD_RUNPATH_SEARCH_PATHS = "$(inherited) @executable_path/Frameworks @loader_path/Frameworks";
				PRODUCT_BUNDLE_IDENTIFIER = com.olarn.CapitalMeTests;
				PRODUCT_NAME = "$(TARGET_NAME)";
				TEST_HOST = "$(BUILT_PRODUCTS_DIR)/CapitalMe.app/CapitalMe";
			};
			name = Release;
		};
/* End XCBuildConfiguration section */

/* Begin XCConfigurationList section */
		37A3DE381CF93D8500A58583 /* Build configuration list for PBXProject "CapitalMe" */ = {
			isa = XCConfigurationList;
			buildConfigurations = (
				37A3DE631CF93D8500A58583 /* Debug */,
				37A3DE641CF93D8500A58583 /* Release */,
			);
			defaultConfigurationIsVisible = 0;
			defaultConfigurationName = Release;
		};
		37A3DE651CF93D8500A58583 /* Build configuration list for PBXNativeTarget "CapitalMe" */ = {
			isa = XCConfigurationList;
			buildConfigurations = (
				37A3DE661CF93D8500A58583 /* Debug */,
				37A3DE671CF93D8500A58583 /* Release */,
			);
			defaultConfigurationIsVisible = 0;
			defaultConfigurationName = Release;
		};
		37A3DE681CF93D8500A58583 /* Build configuration list for PBXNativeTarget "CapitalMeTests" */ = {
			isa = XCConfigurationList;
			buildConfigurations = (
				37A3DE691CF93D8500A58583 /* Debug */,
				37A3DE6A1CF93D8500A58583 /* Release */,
			);
			defaultConfigurationIsVisible = 0;
			defaultConfigurationName = Release;
		};
/* End XCConfigurationList section */
	};
	rootObject = 37A3DE351CF93D8500A58583 /* Project object */;
}
